
Microsoft Visual Studio Solution File, Format Version 12.00
# Visual Studio Version 16
VisualStudioVersion = 25.0.1705.3
MinimumVisualStudioVersion = 10.0.40219.1
Project("{FAE04EC0-301F-11D3-BF4B-00C04F79EFBC}") = "CSharpFundamentals", "CSharpFundamentals.csproj", "{C80A424D-4F1E-4513-94FB-20DB0E873247}"
EndProject
Global
	GlobalSection(SolutionConfigurationPlatforms) = preSolution
		Debug|Any CPU = Debug|Any CPU
		Release|Any CPU = Release|Any CPU
	EndGlobalSection
	GlobalSection(ProjectConfigurationPlatforms) = postSolution
		{C80A424D-4F1E-4513-94FB-20DB0E873247}.Debug|Any CPU.ActiveCfg = Debug|Any CPU
		{C80A424D-4F1E-4513-94FB-20DB0E873247}.Debug|Any CPU.Build.0 = Debug|Any CPU
		{C80A424D-4F1E-4513-94FB-20DB0E873247}.Release|Any CPU.ActiveCfg = Release|Any CPU
		{C80A424D-4F1E-4513-94FB-20DB0E873247}.Release|Any CPU.Build.0 = Release|Any CPU
	EndGlobalSection
	GlobalSection(SolutionProperties) = preSolution
		HideSolutionNode = FALSE
	EndGlobalSection
	GlobalSection(ExtensibilityGlobals) = postSolution
		SolutionGuid = {594379C9-27AB-463D-9FC1-685E0EA121D4}
	EndGlobalSection
EndGlobal
